{
  "name": "task",
  "lockfileVersion": 2,
  "requires": true,
  "packages": {
    "": {
      "dependencies": {
        "three": "^0.130.1"
      }
    },
    "node_modules/three": {
      "version": "0.130.1",
      "resolved": "https://registry.npmjs.org/three/-/three-0.130.1.tgz",
      "integrity": "sha512-OSPPKcGvFSiGkG3jFrwwC76PBV/ZSrGxpBbg28bW8s9GU8r/y2spNGtEXHEb/CVqo0Ctf5Lx2rVaxQZB6OasaA=="
    }
  },
  "dependencies": {
    "three": {
      "version": "0.130.1",
      "resolved": "https://registry.npmjs.org/three/-/three-0.130.1.tgz",
      "integrity": "sha512-OSPPKcGvFSiGkG3jFrwwC76PBV/ZSrGxpBbg28bW8s9GU8r/y2spNGtEXHEb/CVqo0Ctf5Lx2rVaxQZB6OasaA=="
    }
  }
}
